// !$*UTF8*$!
{
	archiveVersion = 1;
	classes = {
	};
	objectVersion = 46;
	objects = {

/* Begin PBXBuildFile section */
		AA008DA6151CC69A001FD906 /* UIKit.framework in Frameworks */ = {isa = PBXBuildFile; fileRef = AA008DA5151CC69A001FD906 /* UIKit.framework */; };
		AA008DA8151CC69A001FD906 /* Foundation.framework in Frameworks */ = {isa = PBXBuildFile; fileRef = AA008DA7151CC69A001FD906 /* Foundation.framework */; };
		AA008DAA151CC69A001FD906 /* CoreGraphics.framework in Frameworks */ = {isa = PBXBuildFile; fileRef = AA008DA9151CC69A001FD906 /* CoreGraphics.framework */; };
		AA008DB0151CC69B001FD906 /* InfoPlist.strings in Resources */ = {isa = PBXBuildFile; fileRef = AA008DAE151CC69B001FD906 /* InfoPlist.strings */; };
		AA008DB2151CC69B001FD906 /* main.m in Sources */ = {isa = PBXBuildFile; fileRef = AA008DB1151CC69B001FD906 /* main.m */; };
		AA008DB6151CC69B001FD906 /* PSAppDelegate.m in Sources */ = {isa = PBXBuildFile; fileRef = AA008DB5151CC69B001FD906 /* PSAppDelegate.m */; };
		AA008DB9151CC69B001FD906 /* PSTariffsController.m in Sources */ = {isa = PBXBuildFile; fileRef = AA008DB8151CC69B001FD906 /* PSTariffsController.m */; };
		AA008DBC151CC69B001FD906 /* PSTariffDetailController.m in Sources */ = {isa = PBXBuildFile; fileRef = AA008DBB151CC69B001FD906 /* PSTariffDetailController.m */; };
		AA008DD0151CC69B001FD906 /* SenTestingKit.framework in Frameworks */ = {isa = PBXBuildFile; fileRef = AA008DCF151CC69B001FD906 /* SenTestingKit.framework */; };
		AA008DD1151CC69B001FD906 /* UIKit.framework in Frameworks */ = {isa = PBXBuildFile; fileRef = AA008DA5151CC69A001FD906 /* UIKit.framework */; };
		AA008DD2151CC69B001FD906 /* Foundation.framework in Frameworks */ = {isa = PBXBuildFile; fileRef = AA008DA7151CC69A001FD906 /* Foundation.framework */; };
		AA008DDA151CC69B001FD906 /* InfoPlist.strings in Resources */ = {isa = PBXBuildFile; fileRef = AA008DD8151CC69B001FD906 /* InfoPlist.strings */; };
		AA008DDD151CC69B001FD906 /* MobileBroadbandTests.m in Sources */ = {isa = PBXBuildFile; fileRef = AA008DDC151CC69B001FD906 /* MobileBroadbandTests.m */; };
		AA026C3C1543E5240023CC57 /* homepage_elipse_border.png in Resources */ = {isa = PBXBuildFile; fileRef = AA026C3A1543E5240023CC57 /* homepage_elipse_border.png */; };
		AA026C3D1543E5240023CC57 /* homepage_rect_border.png in Resources */ = {isa = PBXBuildFile; fileRef = AA026C3B1543E5240023CC57 /* homepage_rect_border.png */; };
		AA026C401543E8C60023CC57 /* PSHomePageController.m in Sources */ = {isa = PBXBuildFile; fileRef = AA026C3F1543E8C60023CC57 /* PSHomePageController.m */; };
		AA026C421543E8FB0023CC57 /* PSHomePageController.xib in Resources */ = {isa = PBXBuildFile; fileRef = AA026C411543E8FB0023CC57 /* PSHomePageController.xib */; };
		AA026C47154435FE0023CC57 /* PSWebViewController.m in Sources */ = {isa = PBXBuildFile; fileRef = AA026C45154435FE0023CC57 /* PSWebViewController.m */; };
		AA026C48154435FE0023CC57 /* PSWebViewController.xib in Resources */ = {isa = PBXBuildFile; fileRef = AA026C46154435FE0023CC57 /* PSWebViewController.xib */; };
		AA26C06715223DAB00556790 /* btn_russia.png in Resources */ = {isa = PBXBuildFile; fileRef = AA26C06615223DAB00556790 /* btn_russia.png */; };
		AA26C06A1522405A00556790 /* btn_download.png in Resources */ = {isa = PBXBuildFile; fileRef = AA26C0691522405A00556790 /* btn_download.png */; };
		AA34C29815388B2F00FB389B /* PSCountryInfoController.m in Sources */ = {isa = PBXBuildFile; fileRef = AA34C29615388B2F00FB389B /* PSCountryInfoController.m */; };
		AA34C29B15388B6A00FB389B /* PSCountryInfoController.xib in Resources */ = {isa = PBXBuildFile; fileRef = AA34C29A15388B6A00FB389B /* PSCountryInfoController.xib */; };
		AA5989D21525CE55007704DC /* Reachability.m in Sources */ = {isa = PBXBuildFile; fileRef = AA5989D11525CE55007704DC /* Reachability.m */; };
		AA5989D41525CF20007704DC /* CFNetwork.framework in Frameworks */ = {isa = PBXBuildFile; fileRef = AA5989D31525CF20007704DC /* CFNetwork.framework */; };
		AA5989D61525CF2F007704DC /* SystemConfiguration.framework in Frameworks */ = {isa = PBXBuildFile; fileRef = AA5989D51525CF2F007704DC /* SystemConfiguration.framework */; };
		AA5989D81525CF3A007704DC /* MobileCoreServices.framework in Frameworks */ = {isa = PBXBuildFile; fileRef = AA5989D71525CF3A007704DC /* MobileCoreServices.framework */; };
		AA5989DA1525CF4C007704DC /* libz.dylib in Frameworks */ = {isa = PBXBuildFile; fileRef = AA5989D91525CF4C007704DC /* libz.dylib */; };
		AA5989EF1525CF74007704DC /* ASIAuthenticationDialog.m in Sources */ = {isa = PBXBuildFile; fileRef = AA5989DC1525CF74007704DC /* ASIAuthenticationDialog.m */; };
		AA5989F01525CF74007704DC /* ASIDataCompressor.m in Sources */ = {isa = PBXBuildFile; fileRef = AA5989DF1525CF74007704DC /* ASIDataCompressor.m */; };
		AA5989F11525CF74007704DC /* ASIDataDecompressor.m in Sources */ = {isa = PBXBuildFile; fileRef = AA5989E11525CF74007704DC /* ASIDataDecompressor.m */; };
		AA5989F21525CF74007704DC /* ASIDownloadCache.m in Sources */ = {isa = PBXBuildFile; fileRef = AA5989E31525CF74007704DC /* ASIDownloadCache.m */; };
		AA5989F31525CF74007704DC /* ASIFormDataRequest.m in Sources */ = {isa = PBXBuildFile; fileRef = AA5989E51525CF74007704DC /* ASIFormDataRequest.m */; };
		AA5989F41525CF74007704DC /* ASIHTTPRequest.m in Sources */ = {isa = PBXBuildFile; fileRef = AA5989E71525CF74007704DC /* ASIHTTPRequest.m */; };
		AA5989F51525CF74007704DC /* ASIInputStream.m in Sources */ = {isa = PBXBuildFile; fileRef = AA5989EB1525CF74007704DC /* ASIInputStream.m */; };
		AA5989F61525CF74007704DC /* ASINetworkQueue.m in Sources */ = {isa = PBXBuildFile; fileRef = AA5989ED1525CF74007704DC /* ASINetworkQueue.m */; };
		AA63B3BC1521A6F70039AC5E /* PSCountryController.m in Sources */ = {isa = PBXBuildFile; fileRef = AA63B3BB1521A6F70039AC5E /* PSCountryController.m */; };
		AA63B3BF1521AC970039AC5E /* Utils.m in Sources */ = {isa = PBXBuildFile; fileRef = AA63B3BE1521AC970039AC5E /* Utils.m */; };
		AA63B3C31521B9540039AC5E /* database_en.db in Resources */ = {isa = PBXBuildFile; fileRef = AA63B3C21521B9540039AC5E /* database_en.db */; };
		AA63B3D71521BAA50039AC5E /* PSCountryModel.m in Sources */ = {isa = PBXBuildFile; fileRef = AA63B3D61521BAA50039AC5E /* PSCountryModel.m */; };
		AA63B3D91521C7BF0039AC5E /* libsqlite3.dylib in Frameworks */ = {isa = PBXBuildFile; fileRef = AA63B3D81521C7BF0039AC5E /* libsqlite3.dylib */; };
		AA63B3DF1521D1CD0039AC5E /* DBManager.m in Sources */ = {isa = PBXBuildFile; fileRef = AA63B3DE1521D1CD0039AC5E /* DBManager.m */; };
		AA63B3E21521D29E0039AC5E /* AbstractModel.m in Sources */ = {isa = PBXBuildFile; fileRef = AA63B3E11521D29E0039AC5E /* AbstractModel.m */; };
		AA6E72DF15238E4F00B70DFF /* PSTariffModel.m in Sources */ = {isa = PBXBuildFile; fileRef = AA6E72DE15238E4F00B70DFF /* PSTariffModel.m */; };
		AA7CDFD015227FBB00BF3D03 /* PSHtmlDialog.m in Sources */ = {isa = PBXBuildFile; fileRef = AA7CDFCF15227FBB00BF3D03 /* PSHtmlDialog.m */; };
		AA8717EF1526C0B400EEF145 /* PSParamModel.m in Sources */ = {isa = PBXBuildFile; fileRef = AA8717EE1526C0B400EEF145 /* PSParamModel.m */; };
		AA8BF0DD15209E77004521D4 /* Localizable.strings in Resources */ = {isa = PBXBuildFile; fileRef = AA8BF0DB15209E76004521D4 /* Localizable.strings */; };
		AA9A792D1524B549004DCE2A /* PSTariffsTableViewCell.m in Sources */ = {isa = PBXBuildFile; fileRef = AA9A792C1524B549004DCE2A /* PSTariffsTableViewCell.m */; };
		AA9A79301524C710004DCE2A /* provider.png in Resources */ = {isa = PBXBuildFile; fileRef = AA9A792F1524C710004DCE2A /* provider.png */; };
		AA9EB3DD1520A04F0042F799 /* PSTariffDetailController.xib in Resources */ = {isa = PBXBuildFile; fileRef = AA9EB3D91520A04F0042F799 /* PSTariffDetailController.xib */; };
		AAA964C1152515260070DAC9 /* PSSortDialog.m in Sources */ = {isa = PBXBuildFile; fileRef = AAA964C0152515260070DAC9 /* PSSortDialog.m */; };
		AABBF0D31521994D007BE589 /* PSTariffsController.xib in Resources */ = {isa = PBXBuildFile; fileRef = AABBF0D21521994D007BE589 /* PSTariffsController.xib */; };
		AABBF0D715219E76007BE589 /* PSCountryController.xib in Resources */ = {isa = PBXBuildFile; fileRef = AABBF0D615219E76007BE589 /* PSCountryController.xib */; };
		AAC17ADB154AE7F100765507 /* PSSettingsController.m in Sources */ = {isa = PBXBuildFile; fileRef = AAC17AD9154AE7F100765507 /* PSSettingsController.m */; };
		AAC17ADE154AE88A00765507 /* PSSettingsController.xib in Resources */ = {isa = PBXBuildFile; fileRef = AAC17ADD154AE88A00765507 /* PSSettingsController.xib */; };
		AAC503CA1524E9C20035ACB0 /* table-header.png in Resources */ = {isa = PBXBuildFile; fileRef = AAC503C91524E9C20035ACB0 /* table-header.png */; };
		AAC503CE1524F95D0035ACB0 /* PSTariffsHederSectionView.m in Sources */ = {isa = PBXBuildFile; fileRef = AAC503CD1524F95D0035ACB0 /* PSTariffsHederSectionView.m */; };
		AAD85C5C1521DAE900FF5E40 /* database_en.db in Resources */ = {isa = PBXBuildFile; fileRef = AA63B3C21521B9540039AC5E /* database_en.db */; };
/* End PBXBuildFile section */

/* Begin PBXContainerItemProxy section */
		AA008DD3151CC69B001FD906 /* PBXContainerItemProxy */ = {
			isa = PBXContainerItemProxy;
			containerPortal = AA008D98151CC69A001FD906 /* Project object */;
			proxyType = 1;
			remoteGlobalIDString = AA008DA0151CC69A001FD906;
			remoteInfo = MobileBroadband;
		};
/* End PBXContainerItemProxy section */

/* Begin PBXFileReference section */
		AA008DA1151CC69A001FD906 /* MobileBroadband.app */ = {isa = PBXFileReference; explicitFileType = wrapper.application; includeInIndex = 0; path = MobileBroadband.app; sourceTree = BUILT_PRODUCTS_DIR; };
		AA008DA5151CC69A001FD906 /* UIKit.framework */ = {isa = PBXFileReference; lastKnownFileType = wrapper.framework; name = UIKit.framework; path = System/Library/Frameworks/UIKit.framework; sourceTree = SDKROOT; };
		AA008DA7151CC69A001FD906 /* Foundation.framework */ = {isa = PBXFileReference; lastKnownFileType = wrapper.framework; name = Foundation.framework; path = System/Library/Frameworks/Foundation.framework; sourceTree = SDKROOT; };
		AA008DA9151CC69A001FD906 /* CoreGraphics.framework */ = {isa = PBXFileReference; lastKnownFileType = wrapper.framework; name = CoreGraphics.framework; path = System/Library/Frameworks/CoreGraphics.framework; sourceTree = SDKROOT; };
		AA008DAD151CC69B001FD906 /* MobileBroadband-Info.plist */ = {isa = PBXFileReference; lastKnownFileType = text.plist.xml; path = "MobileBroadband-Info.plist"; sourceTree = "<group>"; };
		AA008DAF151CC69B001FD906 /* en */ = {isa = PBXFileReference; lastKnownFileType = text.plist.strings; name = en; path = en.lproj/InfoPlist.strings; sourceTree = "<group>"; };
		AA008DB1151CC69B001FD906 /* main.m */ = {isa = PBXFileReference; lastKnownFileType = sourcecode.c.objc; path = main.m; sourceTree = "<group>"; };
		AA008DB3151CC69B001FD906 /* MobileBroadband-Prefix.pch */ = {isa = PBXFileReference; lastKnownFileType = sourcecode.c.h; path = "MobileBroadband-Prefix.pch"; sourceTree = "<group>"; };
		AA008DB4151CC69B001FD906 /* PSAppDelegate.h */ = {isa = PBXFileReference; lastKnownFileType = sourcecode.c.h; path = PSAppDelegate.h; sourceTree = "<group>"; };
		AA008DB5151CC69B001FD906 /* PSAppDelegate.m */ = {isa = PBXFileReference; lastKnownFileType = sourcecode.c.objc; path = PSAppDelegate.m; sourceTree = "<group>"; };
		AA008DB7151CC69B001FD906 /* PSTariffsController.h */ = {isa = PBXFileReference; lastKnownFileType = sourcecode.c.h; path = PSTariffsController.h; sourceTree = "<group>"; };
		AA008DB8151CC69B001FD906 /* PSTariffsController.m */ = {isa = PBXFileReference; lastKnownFileType = sourcecode.c.objc; path = PSTariffsController.m; sourceTree = "<group>"; };
		AA008DBA151CC69B001FD906 /* PSTariffDetailController.h */ = {isa = PBXFileReference; lastKnownFileType = sourcecode.c.h; path = PSTariffDetailController.h; sourceTree = "<group>"; };
		AA008DBB151CC69B001FD906 /* PSTariffDetailController.m */ = {isa = PBXFileReference; lastKnownFileType = sourcecode.c.objc; path = PSTariffDetailController.m; sourceTree = "<group>"; };
		AA008DCE151CC69B001FD906 /* MobileBroadbandTests.octest */ = {isa = PBXFileReference; explicitFileType = wrapper.cfbundle; includeInIndex = 0; path = MobileBroadbandTests.octest; sourceTree = BUILT_PRODUCTS_DIR; };
		AA008DCF151CC69B001FD906 /* SenTestingKit.framework */ = {isa = PBXFileReference; lastKnownFileType = wrapper.framework; name = SenTestingKit.framework; path = Library/Frameworks/SenTestingKit.framework; sourceTree = DEVELOPER_DIR; };
		AA008DD7151CC69B001FD906 /* MobileBroadbandTests-Info.plist */ = {isa = PBXFileReference; lastKnownFileType = text.plist.xml; path = "MobileBroadbandTests-Info.plist"; sourceTree = "<group>"; };
		AA008DD9151CC69B001FD906 /* en */ = {isa = PBXFileReference; lastKnownFileType = text.plist.strings; name = en; path = en.lproj/InfoPlist.strings; sourceTree = "<group>"; };
		AA008DDB151CC69B001FD906 /* MobileBroadbandTests.h */ = {isa = PBXFileReference; lastKnownFileType = sourcecode.c.h; path = MobileBroadbandTests.h; sourceTree = "<group>"; };
		AA008DDC151CC69B001FD906 /* MobileBroadbandTests.m */ = {isa = PBXFileReference; lastKnownFileType = sourcecode.c.objc; path = MobileBroadbandTests.m; sourceTree = "<group>"; };
		AA026C3A1543E5240023CC57 /* homepage_elipse_border.png */ = {isa = PBXFileReference; lastKnownFileType = image.png; name = homepage_elipse_border.png; path = Resources/Images/homepage_elipse_border.png; sourceTree = "<group>"; };
		AA026C3B1543E5240023CC57 /* homepage_rect_border.png */ = {isa = PBXFileReference; lastKnownFileType = image.png; name = homepage_rect_border.png; path = Resources/Images/homepage_rect_border.png; sourceTree = "<group>"; };
		AA026C3E1543E8C60023CC57 /* PSHomePageController.h */ = {isa = PBXFileReference; fileEncoding = 4; lastKnownFileType = sourcecode.c.h; path = PSHomePageController.h; sourceTree = "<group>"; };
		AA026C3F1543E8C60023CC57 /* PSHomePageController.m */ = {isa = PBXFileReference; fileEncoding = 4; lastKnownFileType = sourcecode.c.objc; path = PSHomePageController.m; sourceTree = "<group>"; };
		AA026C411543E8FB0023CC57 /* PSHomePageController.xib */ = {isa = PBXFileReference; fileEncoding = 4; lastKnownFileType = file.xib; name = PSHomePageController.xib; path = Views/PSHomePageController.xib; sourceTree = "<group>"; };
		AA026C44154435FE0023CC57 /* PSWebViewController.h */ = {isa = PBXFileReference; fileEncoding = 4; lastKnownFileType = sourcecode.c.h; path = PSWebViewController.h; sourceTree = "<group>"; };
		AA026C45154435FE0023CC57 /* PSWebViewController.m */ = {isa = PBXFileReference; fileEncoding = 4; lastKnownFileType = sourcecode.c.objc; path = PSWebViewController.m; sourceTree = "<group>"; };
		AA026C46154435FE0023CC57 /* PSWebViewController.xib */ = {isa = PBXFileReference; fileEncoding = 4; lastKnownFileType = file.xib; path = PSWebViewController.xib; sourceTree = "<group>"; };
		AA26C06615223DAB00556790 /* btn_russia.png */ = {isa = PBXFileReference; lastKnownFileType = image.png; name = btn_russia.png; path = Resources/Images/btn_russia.png; sourceTree = "<group>"; };
		AA26C0691522405A00556790 /* btn_download.png */ = {isa = PBXFileReference; lastKnownFileType = image.png; name = btn_download.png; path = Resources/Images/btn_download.png; sourceTree = "<group>"; };
		AA34C29515388B2F00FB389B /* PSCountryInfoController.h */ = {isa = PBXFileReference; fileEncoding = 4; lastKnownFileType = sourcecode.c.h; path = PSCountryInfoController.h; sourceTree = "<group>"; };
		AA34C29615388B2F00FB389B /* PSCountryInfoController.m */ = {isa = PBXFileReference; fileEncoding = 4; lastKnownFileType = sourcecode.c.objc; path = PSCountryInfoController.m; sourceTree = "<group>"; };
		AA34C29A15388B6A00FB389B /* PSCountryInfoController.xib */ = {isa = PBXFileReference; fileEncoding = 4; lastKnownFileType = file.xib; name = PSCountryInfoController.xib; path = Views/PSCountryInfoController.xib; sourceTree = "<group>"; };
		AA5989D01525CE55007704DC /* Reachability.h */ = {isa = PBXFileReference; fileEncoding = 4; lastKnownFileType = sourcecode.c.h; name = Reachability.h; path = Reachability/Reachability.h; sourceTree = "<group>"; };
		AA5989D11525CE55007704DC /* Reachability.m */ = {isa = PBXFileReference; fileEncoding = 4; lastKnownFileType = sourcecode.c.objc; name = Reachability.m; path = Reachability/Reachability.m; sourceTree = "<group>"; };
		AA5989D31525CF20007704DC /* CFNetwork.framework */ = {isa = PBXFileReference; lastKnownFileType = wrapper.framework; name = CFNetwork.framework; path = System/Library/Frameworks/CFNetwork.framework; sourceTree = SDKROOT; };
		AA5989D51525CF2F007704DC /* SystemConfiguration.framework */ = {isa = PBXFileReference; lastKnownFileType = wrapper.framework; name = SystemConfiguration.framework; path = System/Library/Frameworks/SystemConfiguration.framework; sourceTree = SDKROOT; };
		AA5989D71525CF3A007704DC /* MobileCoreServices.framework */ = {isa = PBXFileReference; lastKnownFileType = wrapper.framework; name = MobileCoreServices.framework; path = System/Library/Frameworks/MobileCoreServices.framework; sourceTree = SDKROOT; };
		AA5989D91525CF4C007704DC /* libz.dylib */ = {isa = PBXFileReference; lastKnownFileType = "compiled.mach-o.dylib"; name = libz.dylib; path = usr/lib/libz.dylib; sourceTree = SDKROOT; };
		AA5989DB1525CF74007704DC /* ASIAuthenticationDialog.h */ = {isa = PBXFileReference; fileEncoding = 4; lastKnownFileType = sourcecode.c.h; name = ASIAuthenticationDialog.h; path = ASI/ASIAuthenticationDialog.h; sourceTree = "<group>"; };
		AA5989DC1525CF74007704DC /* ASIAuthenticationDialog.m */ = {isa = PBXFileReference; fileEncoding = 4; lastKnownFileType = sourcecode.c.objc; name = ASIAuthenticationDialog.m; path = ASI/ASIAuthenticationDialog.m; sourceTree = "<group>"; };
		AA5989DD1525CF74007704DC /* ASICacheDelegate.h */ = {isa = PBXFileReference; fileEncoding = 4; lastKnownFileType = sourcecode.c.h; name = ASICacheDelegate.h; path = ASI/ASICacheDelegate.h; sourceTree = "<group>"; };
		AA5989DE1525CF74007704DC /* ASIDataCompressor.h */ = {isa = PBXFileReference; fileEncoding = 4; lastKnownFileType = sourcecode.c.h; name = ASIDataCompressor.h; path = ASI/ASIDataCompressor.h; sourceTree = "<group>"; };
		AA5989DF1525CF74007704DC /* ASIDataCompressor.m */ = {isa = PBXFileReference; fileEncoding = 4; lastKnownFileType = sourcecode.c.objc; name = ASIDataCompressor.m; path = ASI/ASIDataCompressor.m; sourceTree = "<group>"; };
		AA5989E01525CF74007704DC /* ASIDataDecompressor.h */ = {isa = PBXFileReference; fileEncoding = 4; lastKnownFileType = sourcecode.c.h; name = ASIDataDecompressor.h; path = ASI/ASIDataDecompressor.h; sourceTree = "<group>"; };
		AA5989E11525CF74007704DC /* ASIDataDecompressor.m */ = {isa = PBXFileReference; fileEncoding = 4; lastKnownFileType = sourcecode.c.objc; name = ASIDataDecompressor.m; path = ASI/ASIDataDecompressor.m; sourceTree = "<group>"; };
		AA5989E21525CF74007704DC /* ASIDownloadCache.h */ = {isa = PBXFileReference; fileEncoding = 4; lastKnownFileType = sourcecode.c.h; name = ASIDownloadCache.h; path = ASI/ASIDownloadCache.h; sourceTree = "<group>"; };
		AA5989E31525CF74007704DC /* ASIDownloadCache.m */ = {isa = PBXFileReference; fileEncoding = 4; lastKnownFileType = sourcecode.c.objc; name = ASIDownloadCache.m; path = ASI/ASIDownloadCache.m; sourceTree = "<group>"; };
		AA5989E41525CF74007704DC /* ASIFormDataRequest.h */ = {isa = PBXFileReference; fileEncoding = 4; lastKnownFileType = sourcecode.c.h; name = ASIFormDataRequest.h; path = ASI/ASIFormDataRequest.h; sourceTree = "<group>"; };
		AA5989E51525CF74007704DC /* ASIFormDataRequest.m */ = {isa = PBXFileReference; fileEncoding = 4; lastKnownFileType = sourcecode.c.objc; name = ASIFormDataRequest.m; path = ASI/ASIFormDataRequest.m; sourceTree = "<group>"; };
		AA5989E61525CF74007704DC /* ASIHTTPRequest.h */ = {isa = PBXFileReference; fileEncoding = 4; lastKnownFileType = sourcecode.c.h; name = ASIHTTPRequest.h; path = ASI/ASIHTTPRequest.h; sourceTree = "<group>"; };
		AA5989E71525CF74007704DC /* ASIHTTPRequest.m */ = {isa = PBXFileReference; fileEncoding = 4; lastKnownFileType = sourcecode.c.objc; name = ASIHTTPRequest.m; path = ASI/ASIHTTPRequest.m; sourceTree = "<group>"; };
		AA5989E81525CF74007704DC /* ASIHTTPRequestConfig.h */ = {isa = PBXFileReference; fileEncoding = 4; lastKnownFileType = sourcecode.c.h; name = ASIHTTPRequestConfig.h; path = ASI/ASIHTTPRequestConfig.h; sourceTree = "<group>"; };
		AA5989E91525CF74007704DC /* ASIHTTPRequestDelegate.h */ = {isa = PBXFileReference; fileEncoding = 4; lastKnownFileType = sourcecode.c.h; name = ASIHTTPRequestDelegate.h; path = ASI/ASIHTTPRequestDelegate.h; sourceTree = "<group>"; };
		AA5989EA1525CF74007704DC /* ASIInputStream.h */ = {isa = PBXFileReference; fileEncoding = 4; lastKnownFileType = sourcecode.c.h; name = ASIInputStream.h; path = ASI/ASIInputStream.h; sourceTree = "<group>"; };
		AA5989EB1525CF74007704DC /* ASIInputStream.m */ = {isa = PBXFileReference; fileEncoding = 4; lastKnownFileType = sourcecode.c.objc; name = ASIInputStream.m; path = ASI/ASIInputStream.m; sourceTree = "<group>"; };
		AA5989EC1525CF74007704DC /* ASINetworkQueue.h */ = {isa = PBXFileReference; fileEncoding = 4; lastKnownFileType = sourcecode.c.h; name = ASINetworkQueue.h; path = ASI/ASINetworkQueue.h; sourceTree = "<group>"; };
		AA5989ED1525CF74007704DC /* ASINetworkQueue.m */ = {isa = PBXFileReference; fileEncoding = 4; lastKnownFileType = sourcecode.c.objc; name = ASINetworkQueue.m; path = ASI/ASINetworkQueue.m; sourceTree = "<group>"; };
		AA5989EE1525CF74007704DC /* ASIProgressDelegate.h */ = {isa = PBXFileReference; fileEncoding = 4; lastKnownFileType = sourcecode.c.h; name = ASIProgressDelegate.h; path = ASI/ASIProgressDelegate.h; sourceTree = "<group>"; };
		AA63B3BA1521A6F70039AC5E /* PSCountryController.h */ = {isa = PBXFileReference; fileEncoding = 4; lastKnownFileType = sourcecode.c.h; path = PSCountryController.h; sourceTree = "<group>"; };
		AA63B3BB1521A6F70039AC5E /* PSCountryController.m */ = {isa = PBXFileReference; fileEncoding = 4; lastKnownFileType = sourcecode.c.objc; path = PSCountryController.m; sourceTree = "<group>"; };
		AA63B3BD1521AC970039AC5E /* Utils.h */ = {isa = PBXFileReference; fileEncoding = 4; lastKnownFileType = sourcecode.c.h; path = Utils.h; sourceTree = "<group>"; };
		AA63B3BE1521AC970039AC5E /* Utils.m */ = {isa = PBXFileReference; fileEncoding = 4; lastKnownFileType = sourcecode.c.objc; path = Utils.m; sourceTree = "<group>"; };
		AA63B3C21521B9540039AC5E /* database_en.db */ = {isa = PBXFileReference; lastKnownFileType = file; name = database_en.db; path = Resources/database_en.db; sourceTree = "<group>"; };
		AA63B3D51521BAA50039AC5E /* PSCountryModel.h */ = {isa = PBXFileReference; fileEncoding = 4; lastKnownFileType = sourcecode.c.h; path = PSCountryModel.h; sourceTree = "<group>"; };
		AA63B3D61521BAA50039AC5E /* PSCountryModel.m */ = {isa = PBXFileReference; fileEncoding = 4; lastKnownFileType = sourcecode.c.objc; path = PSCountryModel.m; sourceTree = "<group>"; };
		AA63B3D81521C7BF0039AC5E /* libsqlite3.dylib */ = {isa = PBXFileReference; lastKnownFileType = "compiled.mach-o.dylib"; name = libsqlite3.dylib; path = usr/lib/libsqlite3.dylib; sourceTree = SDKROOT; };
		AA63B3DD1521D1CD0039AC5E /* DBManager.h */ = {isa = PBXFileReference; fileEncoding = 4; lastKnownFileType = sourcecode.c.h; path = DBManager.h; sourceTree = "<group>"; };
		AA63B3DE1521D1CD0039AC5E /* DBManager.m */ = {isa = PBXFileReference; fileEncoding = 4; lastKnownFileType = sourcecode.c.objc; path = DBManager.m; sourceTree = "<group>"; };
		AA63B3E01521D29E0039AC5E /* AbstractModel.h */ = {isa = PBXFileReference; fileEncoding = 4; lastKnownFileType = sourcecode.c.h; path = AbstractModel.h; sourceTree = "<group>"; };
		AA63B3E11521D29E0039AC5E /* AbstractModel.m */ = {isa = PBXFileReference; fileEncoding = 4; lastKnownFileType = sourcecode.c.objc; path = AbstractModel.m; sourceTree = "<group>"; };
		AA6E72DD15238E4F00B70DFF /* PSTariffModel.h */ = {isa = PBXFileReference; fileEncoding = 4; lastKnownFileType = sourcecode.c.h; path = PSTariffModel.h; sourceTree = "<group>"; };
		AA6E72DE15238E4F00B70DFF /* PSTariffModel.m */ = {isa = PBXFileReference; fileEncoding = 4; lastKnownFileType = sourcecode.c.objc; path = PSTariffModel.m; sourceTree = "<group>"; };
		AA7CDFCE15227FBB00BF3D03 /* PSHtmlDialog.h */ = {isa = PBXFileReference; fileEncoding = 4; lastKnownFileType = sourcecode.c.h; path = PSHtmlDialog.h; sourceTree = "<group>"; };
		AA7CDFCF15227FBB00BF3D03 /* PSHtmlDialog.m */ = {isa = PBXFileReference; fileEncoding = 4; lastKnownFileType = sourcecode.c.objc; path = PSHtmlDialog.m; sourceTree = "<group>"; };
		AA8717ED1526C0B400EEF145 /* PSParamModel.h */ = {isa = PBXFileReference; fileEncoding = 4; lastKnownFileType = sourcecode.c.h; path = PSParamModel.h; sourceTree = "<group>"; };
		AA8717EE1526C0B400EEF145 /* PSParamModel.m */ = {isa = PBXFileReference; fileEncoding = 4; lastKnownFileType = sourcecode.c.objc; path = PSParamModel.m; sourceTree = "<group>"; };
		AA8BF0DC15209E77004521D4 /* en */ = {isa = PBXFileReference; lastKnownFileType = text.plist.strings; name = en; path = en.lproj/Localizable.strings; sourceTree = "<group>"; };
		AA8BF0DE15209F7A004521D4 /* ru */ = {isa = PBXFileReference; lastKnownFileType = text.plist.strings; name = ru; path = "/Users/kiryushin/MyApp/1-Progress/MobileBroadband/MobileBroadbandTests/ru.lproj/InfoPlist.strings"; sourceTree = "<absolute>"; };
		AA8BF0E315209F7A004521D4 /* ru */ = {isa = PBXFileReference; lastKnownFileType = text.plist.strings; name = ru; path = "/Users/kiryushin/MyApp/1-Progress/MobileBroadband/MobileBroadband/ru.lproj/InfoPlist.strings"; sourceTree = "<absolute>"; };
		AA8BF0E415209F7A004521D4 /* ru */ = {isa = PBXFileReference; lastKnownFileType = text.plist.strings; name = ru; path = "/Users/kiryushin/MyApp/1-Progress/MobileBroadband/MobileBroadband/ru.lproj/Localizable.strings"; sourceTree = "<absolute>"; };
		AA9A792B1524B549004DCE2A /* PSTariffsTableViewCell.h */ = {isa = PBXFileReference; fileEncoding = 4; lastKnownFileType = sourcecode.c.h; path = PSTariffsTableViewCell.h; sourceTree = "<group>"; };
		AA9A792C1524B549004DCE2A /* PSTariffsTableViewCell.m */ = {isa = PBXFileReference; fileEncoding = 4; lastKnownFileType = sourcecode.c.objc; path = PSTariffsTableViewCell.m; sourceTree = "<group>"; };
		AA9A792F1524C710004DCE2A /* provider.png */ = {isa = PBXFileReference; lastKnownFileType = image.png; name = provider.png; path = Resources/Images/provider.png; sourceTree = "<group>"; };
		AA9EB3D91520A04F0042F799 /* PSTariffDetailController.xib */ = {isa = PBXFileReference; fileEncoding = 4; lastKnownFileType = file.xib; name = PSTariffDetailController.xib; path = Views/PSTariffDetailController.xib; sourceTree = "<group>"; };
		AAA964BF152515260070DAC9 /* PSSortDialog.h */ = {isa = PBXFileReference; fileEncoding = 4; lastKnownFileType = sourcecode.c.h; path = PSSortDialog.h; sourceTree = "<group>"; };
		AAA964C0152515260070DAC9 /* PSSortDialog.m */ = {isa = PBXFileReference; fileEncoding = 4; lastKnownFileType = sourcecode.c.objc; path = PSSortDialog.m; sourceTree = "<group>"; };
		AABBF0D21521994D007BE589 /* PSTariffsController.xib */ = {isa = PBXFileReference; fileEncoding = 4; lastKnownFileType = file.xib; name = PSTariffsController.xib; path = Views/PSTariffsController.xib; sourceTree = "<group>"; };
		AABBF0D615219E76007BE589 /* PSCountryController.xib */ = {isa = PBXFileReference; fileEncoding = 4; lastKnownFileType = file.xib; name = PSCountryController.xib; path = Views/PSCountryController.xib; sourceTree = "<group>"; };
		AAC17AD8154AE7F100765507 /* PSSettingsController.h */ = {isa = PBXFileReference; fileEncoding = 4; lastKnownFileType = sourcecode.c.h; path = PSSettingsController.h; sourceTree = "<group>"; };
		AAC17AD9154AE7F100765507 /* PSSettingsController.m */ = {isa = PBXFileReference; fileEncoding = 4; lastKnownFileType = sourcecode.c.objc; path = PSSettingsController.m; sourceTree = "<group>"; };
		AAC17ADD154AE88A00765507 /* PSSettingsController.xib */ = {isa = PBXFileReference; fileEncoding = 4; lastKnownFileType = file.xib; name = PSSettingsController.xib; path = Views/PSSettingsController.xib; sourceTree = "<group>"; };
		AAC503C91524E9C20035ACB0 /* table-header.png */ = {isa = PBXFileReference; lastKnownFileType = image.png; name = "table-header.png"; path = "Resources/Images/table-header.png"; sourceTree = "<group>"; };
		AAC503CC1524F95D0035ACB0 /* PSTariffsHederSectionView.h */ = {isa = PBXFileReference; fileEncoding = 4; lastKnownFileType = sourcecode.c.h; path = PSTariffsHederSectionView.h; sourceTree = "<group>"; };
		AAC503CD1524F95D0035ACB0 /* PSTariffsHederSectionView.m */ = {isa = PBXFileReference; fileEncoding = 4; lastKnownFileType = sourcecode.c.objc; path = PSTariffsHederSectionView.m; sourceTree = "<group>"; };
/* End PBXFileReference section */

/* Begin PBXFrameworksBuildPhase section */
		AA008D9E151CC69A001FD906 /* Frameworks */ = {
			isa = PBXFrameworksBuildPhase;
			buildActionMask = 2147483647;
			files = (
				AA5989DA1525CF4C007704DC /* libz.dylib in Frameworks */,
				AA5989D81525CF3A007704DC /* MobileCoreServices.framework in Frameworks */,
				AA5989D61525CF2F007704DC /* SystemConfiguration.framework in Frameworks */,
				AA5989D41525CF20007704DC /* CFNetwork.framework in Frameworks */,
				AA63B3D91521C7BF0039AC5E /* libsqlite3.dylib in Frameworks */,
				AA008DA6151CC69A001FD906 /* UIKit.framework in Frameworks */,
				AA008DA8151CC69A001FD906 /* Foundation.framework in Frameworks */,
				AA008DAA151CC69A001FD906 /* CoreGraphics.framework in Frameworks */,
			);
			runOnlyForDeploymentPostprocessing = 0;
		};
		AA008DCA151CC69B001FD906 /* Frameworks */ = {
			isa = PBXFrameworksBuildPhase;
			buildActionMask = 2147483647;
			files = (
				AA008DD0151CC69B001FD906 /* SenTestingKit.framework in Frameworks */,
				AA008DD1151CC69B001FD906 /* UIKit.framework in Frameworks */,
				AA008DD2151CC69B001FD906 /* Foundation.framework in Frameworks */,
			);
			runOnlyForDeploymentPostprocessing = 0;
		};
/* End PBXFrameworksBuildPhase section */

/* Begin PBXGroup section */
		AA008D96151CC69A001FD906 = {
			isa = PBXGroup;
			children = (
				AA008DAB151CC69B001FD906 /* MobileBroadband */,
				AA008DD5151CC69B001FD906 /* MobileBroadbandTests */,
				AA008DA4151CC69A001FD906 /* Frameworks */,
				AA008DA2151CC69A001FD906 /* Products */,
			);
			sourceTree = "<group>";
		};
		AA008DA2151CC69A001FD906 /* Products */ = {
			isa = PBXGroup;
			children = (
				AA008DA1151CC69A001FD906 /* MobileBroadband.app */,
				AA008DCE151CC69B001FD906 /* MobileBroadbandTests.octest */,
			);
			name = Products;
			sourceTree = "<group>";
		};
		AA008DA4151CC69A001FD906 /* Frameworks */ = {
			isa = PBXGroup;
			children = (
				AA5989D71525CF3A007704DC /* MobileCoreServices.framework */,
				AA5989D51525CF2F007704DC /* SystemConfiguration.framework */,
				AA5989D31525CF20007704DC /* CFNetwork.framework */,
				AA008DA5151CC69A001FD906 /* UIKit.framework */,
				AA008DA7151CC69A001FD906 /* Foundation.framework */,
				AA008DA9151CC69A001FD906 /* CoreGraphics.framework */,
				AA008DCF151CC69B001FD906 /* SenTestingKit.framework */,
				AA63B3D81521C7BF0039AC5E /* libsqlite3.dylib */,
				AA5989D91525CF4C007704DC /* libz.dylib */,
			);
			name = Frameworks;
			sourceTree = "<group>";
		};
		AA008DAB151CC69B001FD906 /* MobileBroadband */ = {
			isa = PBXGroup;
			children = (
				AABBF0D515219AB0007BE589 /* Common */,
				AA59898C1525C806007704DC /* Network */,
				AA6E72DC152370FC00B70DFF /* Database */,
				AA026C371543E3140023CC57 /* HomePage */,
				AAC17AD6154AE79B00765507 /* Settings */,
				AA026C43154435C90023CC57 /* WebView */,
				AA63B3C81521BA120039AC5E /* Countries */,
				AA5B457B1538606F004AE516 /* CountryInfo */,
				AA9EB3D81520A00B0042F799 /* TariffsList */,
				AABBF0D415219A96007BE589 /* TariffDetail */,
				AA008DAC151CC69B001FD906 /* Supporting Files */,
			);
			path = MobileBroadband;
			sourceTree = "<group>";
		};
		AA008DAC151CC69B001FD906 /* Supporting Files */ = {
			isa = PBXGroup;
			children = (
				AA63B3C11521B9490039AC5E /* Images */,
				AA63B3C01521B9400039AC5E /* Resources */,
				AA008DAD151CC69B001FD906 /* MobileBroadband-Info.plist */,
				AA008DB3151CC69B001FD906 /* MobileBroadband-Prefix.pch */,
				AA008DAE151CC69B001FD906 /* InfoPlist.strings */,
				AA8BF0DB15209E76004521D4 /* Localizable.strings */,
			);
			name = "Supporting Files";
			sourceTree = "<group>";
		};
		AA008DD5151CC69B001FD906 /* MobileBroadbandTests */ = {
			isa = PBXGroup;
			children = (
				AA008DDB151CC69B001FD906 /* MobileBroadbandTests.h */,
				AA008DDC151CC69B001FD906 /* MobileBroadbandTests.m */,
				AA008DD6151CC69B001FD906 /* Supporting Files */,
			);
			path = MobileBroadbandTests;
			sourceTree = "<group>";
		};
		AA008DD6151CC69B001FD906 /* Supporting Files */ = {
			isa = PBXGroup;
			children = (
				AA008DD7151CC69B001FD906 /* MobileBroadbandTests-Info.plist */,
				AA008DD8151CC69B001FD906 /* InfoPlist.strings */,
			);
			name = "Supporting Files";
			sourceTree = "<group>";
		};
		AA026C371543E3140023CC57 /* HomePage */ = {
			isa = PBXGroup;
			children = (
				AA026C3E1543E8C60023CC57 /* PSHomePageController.h */,
				AA026C3F1543E8C60023CC57 /* PSHomePageController.m */,
				AA026C411543E8FB0023CC57 /* PSHomePageController.xib */,
			);
			name = HomePage;
			sourceTree = "<group>";
		};
		AA026C43154435C90023CC57 /* WebView */ = {
			isa = PBXGroup;
			children = (
				AA026C44154435FE0023CC57 /* PSWebViewController.h */,
				AA026C45154435FE0023CC57 /* PSWebViewController.m */,
				AA026C46154435FE0023CC57 /* PSWebViewController.xib */,
			);
			name = WebView;
			sourceTree = "<group>";
		};
		AA59898C1525C806007704DC /* Network */ = {
			isa = PBXGroup;
			children = (
				AA5989D01525CE55007704DC /* Reachability.h */,
				AA5989D11525CE55007704DC /* Reachability.m */,
				AA5989DB1525CF74007704DC /* ASIAuthenticationDialog.h */,
				AA5989DC1525CF74007704DC /* ASIAuthenticationDialog.m */,
				AA5989DD1525CF74007704DC /* ASICacheDelegate.h */,
				AA5989DE1525CF74007704DC /* ASIDataCompressor.h */,
				AA5989DF1525CF74007704DC /* ASIDataCompressor.m */,
				AA5989E01525CF74007704DC /* ASIDataDecompressor.h */,
				AA5989E11525CF74007704DC /* ASIDataDecompressor.m */,
				AA5989E21525CF74007704DC /* ASIDownloadCache.h */,
				AA5989E31525CF74007704DC /* ASIDownloadCache.m */,
				AA5989E41525CF74007704DC /* ASIFormDataRequest.h */,
				AA5989E51525CF74007704DC /* ASIFormDataRequest.m */,
				AA5989E61525CF74007704DC /* ASIHTTPRequest.h */,
				AA5989E71525CF74007704DC /* ASIHTTPRequest.m */,
				AA5989E81525CF74007704DC /* ASIHTTPRequestConfig.h */,
				AA5989E91525CF74007704DC /* ASIHTTPRequestDelegate.h */,
				AA5989EA1525CF74007704DC /* ASIInputStream.h */,
				AA5989EB1525CF74007704DC /* ASIInputStream.m */,
				AA5989EC1525CF74007704DC /* ASINetworkQueue.h */,
				AA5989ED1525CF74007704DC /* ASINetworkQueue.m */,
				AA5989EE1525CF74007704DC /* ASIProgressDelegate.h */,
			);
			name = Network;
			sourceTree = "<group>";
		};
		AA5B457B1538606F004AE516 /* CountryInfo */ = {
			isa = PBXGroup;
			children = (
				AA34C29515388B2F00FB389B /* PSCountryInfoController.h */,
				AA34C29615388B2F00FB389B /* PSCountryInfoController.m */,
				AA34C29A15388B6A00FB389B /* PSCountryInfoController.xib */,
			);
			name = CountryInfo;
			sourceTree = "<group>";
		};
		AA63B3C01521B9400039AC5E /* Resources */ = {
			isa = PBXGroup;
			children = (
				AA63B3C21521B9540039AC5E /* database_en.db */,
			);
			name = Resources;
			sourceTree = "<group>";
		};
		AA63B3C11521B9490039AC5E /* Images */ = {
			isa = PBXGroup;
			children = (
				AAC503C91524E9C20035ACB0 /* table-header.png */,
				AA9A792F1524C710004DCE2A /* provider.png */,
				AA26C0691522405A00556790 /* btn_download.png */,
				AA26C06615223DAB00556790 /* btn_russia.png */,
				AA026C3A1543E5240023CC57 /* homepage_elipse_border.png */,
				AA026C3B1543E5240023CC57 /* homepage_rect_border.png */,
			);
			name = Images;
			sourceTree = "<group>";
		};
		AA63B3C81521BA120039AC5E /* Countries */ = {
			isa = PBXGroup;
			children = (
				AA63B3D51521BAA50039AC5E /* PSCountryModel.h */,
				AA63B3D61521BAA50039AC5E /* PSCountryModel.m */,
				AA63B3BA1521A6F70039AC5E /* PSCountryController.h */,
				AA63B3BB1521A6F70039AC5E /* PSCountryController.m */,
				AABBF0D615219E76007BE589 /* PSCountryController.xib */,
			);
			name = Countries;
			sourceTree = "<group>";
		};
		AA6E72DC152370FC00B70DFF /* Database */ = {
			isa = PBXGroup;
			children = (
				AA63B3DD1521D1CD0039AC5E /* DBManager.h */,
				AA63B3DE1521D1CD0039AC5E /* DBManager.m */,
				AA63B3E01521D29E0039AC5E /* AbstractModel.h */,
				AA63B3E11521D29E0039AC5E /* AbstractModel.m */,
				AA8717ED1526C0B400EEF145 /* PSParamModel.h */,
				AA8717EE1526C0B400EEF145 /* PSParamModel.m */,
			);
			name = Database;
			sourceTree = "<group>";
		};
		AA9EB3D81520A00B0042F799 /* TariffsList */ = {
			isa = PBXGroup;
			children = (
				AA6E72DD15238E4F00B70DFF /* PSTariffModel.h */,
				AA6E72DE15238E4F00B70DFF /* PSTariffModel.m */,
				AA008DB7151CC69B001FD906 /* PSTariffsController.h */,
				AA008DB8151CC69B001FD906 /* PSTariffsController.m */,
				AABBF0D21521994D007BE589 /* PSTariffsController.xib */,
				AA9A792B1524B549004DCE2A /* PSTariffsTableViewCell.h */,
				AA9A792C1524B549004DCE2A /* PSTariffsTableViewCell.m */,
				AAC503CC1524F95D0035ACB0 /* PSTariffsHederSectionView.h */,
				AAC503CD1524F95D0035ACB0 /* PSTariffsHederSectionView.m */,
			);
			name = TariffsList;
			sourceTree = "<group>";
		};
		AABBF0D415219A96007BE589 /* TariffDetail */ = {
			isa = PBXGroup;
			children = (
				AA008DBA151CC69B001FD906 /* PSTariffDetailController.h */,
				AA008DBB151CC69B001FD906 /* PSTariffDetailController.m */,
				AA9EB3D91520A04F0042F799 /* PSTariffDetailController.xib */,
			);
			name = TariffDetail;
			sourceTree = "<group>";
		};
		AABBF0D515219AB0007BE589 /* Common */ = {
			isa = PBXGroup;
			children = (
				AA008DB1151CC69B001FD906 /* main.m */,
				AA63B3BD1521AC970039AC5E /* Utils.h */,
				AA63B3BE1521AC970039AC5E /* Utils.m */,
				AAA964BF152515260070DAC9 /* PSSortDialog.h */,
				AAA964C0152515260070DAC9 /* PSSortDialog.m */,
				AA7CDFCE15227FBB00BF3D03 /* PSHtmlDialog.h */,
				AA7CDFCF15227FBB00BF3D03 /* PSHtmlDialog.m */,
				AA008DB4151CC69B001FD906 /* PSAppDelegate.h */,
				AA008DB5151CC69B001FD906 /* PSAppDelegate.m */,
			);
			name = Common;
			sourceTree = "<group>";
		};
		AAC17AD6154AE79B00765507 /* Settings */ = {
			isa = PBXGroup;
			children = (
				AAC17AD8154AE7F100765507 /* PSSettingsController.h */,
				AAC17AD9154AE7F100765507 /* PSSettingsController.m */,
				AAC17ADD154AE88A00765507 /* PSSettingsController.xib */,
			);
			name = Settings;
			sourceTree = "<group>";
		};
/* End PBXGroup section */

/* Begin PBXNativeTarget section */
		AA008DA0151CC69A001FD906 /* MobileBroadband */ = {
			isa = PBXNativeTarget;
			buildConfigurationList = AA008DE0151CC69B001FD906 /* Build configuration list for PBXNativeTarget "MobileBroadband" */;
			buildPhases = (
				AA008D9D151CC69A001FD906 /* Sources */,
				AA008D9E151CC69A001FD906 /* Frameworks */,
				AA008D9F151CC69A001FD906 /* Resources */,
			);
			buildRules = (
			);
			dependencies = (
			);
			name = MobileBroadband;
			productName = MobileBroadband;
			productReference = AA008DA1151CC69A001FD906 /* MobileBroadband.app */;
			productType = "com.apple.product-type.application";
		};
		AA008DCD151CC69B001FD906 /* MobileBroadbandTests */ = {
			isa = PBXNativeTarget;
			buildConfigurationList = AA008DE3151CC69B001FD906 /* Build configuration list for PBXNativeTarget "MobileBroadbandTests" */;
			buildPhases = (
				AA008DC9151CC69B001FD906 /* Sources */,
				AA008DCA151CC69B001FD906 /* Frameworks */,
				AA008DCB151CC69B001FD906 /* Resources */,
				AA008DCC151CC69B001FD906 /* ShellScript */,
			);
			buildRules = (
			);
			dependencies = (
				AA008DD4151CC69B001FD906 /* PBXTargetDependency */,
			);
			name = MobileBroadbandTests;
			productName = MobileBroadbandTests;
			productReference = AA008DCE151CC69B001FD906 /* MobileBroadbandTests.octest */;
			productType = "com.apple.product-type.bundle";
		};
/* End PBXNativeTarget section */

/* Begin PBXProject section */
		AA008D98151CC69A001FD906 /* Project object */ = {
			isa = PBXProject;
			attributes = {
				CLASSPREFIX = PS;
				LastUpgradeCheck = 0430;
			};
			buildConfigurationList = AA008D9B151CC69A001FD906 /* Build configuration list for PBXProject "MobileBroadband" */;
			compatibilityVersion = "Xcode 3.2";
			developmentRegion = English;
			hasScannedForEncodings = 0;
			knownRegions = (
				en,
			);
			mainGroup = AA008D96151CC69A001FD906;
			productRefGroup = AA008DA2151CC69A001FD906 /* Products */;
			projectDirPath = "";
			projectRoot = "";
			targets = (
				AA008DA0151CC69A001FD906 /* MobileBroadband */,
				AA008DCD151CC69B001FD906 /* MobileBroadbandTests */,
			);
		};
/* End PBXProject section */

/* Begin PBXResourcesBuildPhase section */
		AA008D9F151CC69A001FD906 /* Resources */ = {
			isa = PBXResourcesBuildPhase;
			buildActionMask = 2147483647;
			files = (
				AAD85C5C1521DAE900FF5E40 /* database_en.db in Resources */,
				AA008DB0151CC69B001FD906 /* InfoPlist.strings in Resources */,
				AA8BF0DD15209E77004521D4 /* Localizable.strings in Resources */,
				AA9EB3DD1520A04F0042F799 /* PSTariffDetailController.xib in Resources */,
				AABBF0D31521994D007BE589 /* PSTariffsController.xib in Resources */,
				AABBF0D715219E76007BE589 /* PSCountryController.xib in Resources */,
				AA26C06715223DAB00556790 /* btn_russia.png in Resources */,
				AA26C06A1522405A00556790 /* btn_download.png in Resources */,
				AA9A79301524C710004DCE2A /* provider.png in Resources */,
				AAC503CA1524E9C20035ACB0 /* table-header.png in Resources */,
				AA34C29B15388B6A00FB389B /* PSCountryInfoController.xib in Resources */,
				AA026C3C1543E5240023CC57 /* homepage_elipse_border.png in Resources */,
				AA026C3D1543E5240023CC57 /* homepage_rect_border.png in Resources */,
				AA026C421543E8FB0023CC57 /* PSHomePageController.xib in Resources */,
				AA026C48154435FE0023CC57 /* PSWebViewController.xib in Resources */,
				AAC17ADE154AE88A00765507 /* PSSettingsController.xib in Resources */,
			);
			runOnlyForDeploymentPostprocessing = 0;
		};
		AA008DCB151CC69B001FD906 /* Resources */ = {
			isa = PBXResourcesBuildPhase;
			buildActionMask = 2147483647;
			files = (
				AA008DDA151CC69B001FD906 /* InfoPlist.strings in Resources */,
				AA63B3C31521B9540039AC5E /* database_en.db in Resources */,
			);
			runOnlyForDeploymentPostprocessing = 0;
		};
/* End PBXResourcesBuildPhase section */

/* Begin PBXShellScriptBuildPhase section */
		AA008DCC151CC69B001FD906 /* ShellScript */ = {
			isa = PBXShellScriptBuildPhase;
			buildActionMask = 2147483647;
			files = (
			);
			inputPaths = (
			);
			outputPaths = (
			);
			runOnlyForDeploymentPostprocessing = 0;
			shellPath = /bin/sh;
			shellScript = "# Run the unit tests in this test bundle.\n\"${SYSTEM_DEVELOPER_DIR}/Tools/RunUnitTests\"\n";
		};
/* End PBXShellScriptBuildPhase section */

/* Begin PBXSourcesBuildPhase section */
		AA008D9D151CC69A001FD906 /* Sources */ = {
			isa = PBXSourcesBuildPhase;
			buildActionMask = 2147483647;
			files = (
				AA008DB2151CC69B001FD906 /* main.m in Sources */,
				AA008DB6151CC69B001FD906 /* PSAppDelegate.m in Sources */,
				AA008DB9151CC69B001FD906 /* PSTariffsController.m in Sources */,
				AA008DBC151CC69B001FD906 /* PSTariffDetailController.m in Sources */,
				AA63B3BC1521A6F70039AC5E /* PSCountryController.m in Sources */,
				AA63B3BF1521AC970039AC5E /* Utils.m in Sources */,
				AA63B3D71521BAA50039AC5E /* PSCountryModel.m in Sources */,
				AA63B3DF1521D1CD0039AC5E /* DBManager.m in Sources */,
				AA63B3E21521D29E0039AC5E /* AbstractModel.m in Sources */,
				AA7CDFD015227FBB00BF3D03 /* PSHtmlDialog.m in Sources */,
				AA6E72DF15238E4F00B70DFF /* PSTariffModel.m in Sources */,
				AA9A792D1524B549004DCE2A /* PSTariffsTableViewCell.m in Sources */,
				AAC503CE1524F95D0035ACB0 /* PSTariffsHederSectionView.m in Sources */,
				AAA964C1152515260070DAC9 /* PSSortDialog.m in Sources */,
				AA5989D21525CE55007704DC /* Reachability.m in Sources */,
				AA5989EF1525CF74007704DC /* ASIAuthenticationDialog.m in Sources */,
				AA5989F01525CF74007704DC /* ASIDataCompressor.m in Sources */,
				AA5989F11525CF74007704DC /* ASIDataDecompressor.m in Sources */,
				AA5989F21525CF74007704DC /* ASIDownloadCache.m in Sources */,
				AA5989F31525CF74007704DC /* ASIFormDataRequest.m in Sources */,
				AA5989F41525CF74007704DC /* ASIHTTPRequest.m in Sources */,
				AA5989F51525CF74007704DC /* ASIInputStream.m in Sources */,
				AA5989F61525CF74007704DC /* ASINetworkQueue.m in Sources */,
				AA8717EF1526C0B400EEF145 /* PSParamModel.m in Sources */,
				AA34C29815388B2F00FB389B /* PSCountryInfoController.m in Sources */,
				AA026C401543E8C60023CC57 /* PSHomePageController.m in Sources */,
				AA026C47154435FE0023CC57 /* PSWebViewController.m in Sources */,
				AAC17ADB154AE7F100765507 /* PSSettingsController.m in Sources */,
			);
			runOnlyForDeploymentPostprocessing = 0;
		};
		AA008DC9151CC69B001FD906 /* Sources */ = {
			isa = PBXSourcesBuildPhase;
			buildActionMask = 2147483647;
			files = (
				AA008DDD151CC69B001FD906 /* MobileBroadbandTests.m in Sources */,
			);
			runOnlyForDeploymentPostprocessing = 0;
		};
/* End PBXSourcesBuildPhase section */

/* Begin PBXTargetDependency section */
		AA008DD4151CC69B001FD906 /* PBXTargetDependency */ = {
			isa = PBXTargetDependency;
			target = AA008DA0151CC69A001FD906 /* MobileBroadband */;
			targetProxy = AA008DD3151CC69B001FD906 /* PBXContainerItemProxy */;
		};
/* End PBXTargetDependency section */

/* Begin PBXVariantGroup section */
		AA008DAE151CC69B001FD906 /* InfoPlist.strings */ = {
			isa = PBXVariantGroup;
			children = (
				AA008DAF151CC69B001FD906 /* en */,
				AA8BF0E315209F7A004521D4 /* ru */,
			);
			name = InfoPlist.strings;
			sourceTree = "<group>";
		};
		AA008DD8151CC69B001FD906 /* InfoPlist.strings */ = {
			isa = PBXVariantGroup;
			children = (
				AA008DD9151CC69B001FD906 /* en */,
				AA8BF0DE15209F7A004521D4 /* ru */,
			);
			name = InfoPlist.strings;
			sourceTree = "<group>";
		};
		AA8BF0DB15209E76004521D4 /* Localizable.strings */ = {
			isa = PBXVariantGroup;
			children = (
				AA8BF0DC15209E77004521D4 /* en */,
				AA8BF0E415209F7A004521D4 /* ru */,
			);
			name = Localizable.strings;
			sourceTree = "<group>";
		};
/* End PBXVariantGroup section */

/* Begin XCBuildConfiguration section */
		AA008DDE151CC69B001FD906 /* Debug */ = {
			isa = XCBuildConfiguration;
			buildSettings = {
				ALWAYS_SEARCH_USER_PATHS = NO;
				ARCHS = "$(ARCHS_STANDARD_32_BIT)";
				"CODE_SIGN_IDENTITY[sdk=iphoneos*]" = "iPhone Developer";
				COPY_PHASE_STRIP = NO;
				GCC_C_LANGUAGE_STANDARD = gnu99;
				GCC_DYNAMIC_NO_PIC = NO;
				GCC_OPTIMIZATION_LEVEL = 0;
				GCC_PREPROCESSOR_DEFINITIONS = (
					"DEBUG=1",
					"$(inherited)",
				);
				GCC_SYMBOLS_PRIVATE_EXTERN = NO;
				GCC_VERSION = com.apple.compilers.llvm.clang.1_0;
				GCC_WARN_ABOUT_RETURN_TYPE = YES;
				GCC_WARN_UNINITIALIZED_AUTOS = YES;
				GCC_WARN_UNUSED_VARIABLE = YES;
				IPHONEOS_DEPLOYMENT_TARGET = 5.0;
				SDKROOT = iphoneos;
				TARGETED_DEVICE_FAMILY = "1,2";
			};
			name = Debug;
		};
		AA008DDF151CC69B001FD906 /* Release */ = {
			isa = XCBuildConfiguration;
			buildSettings = {
				ALWAYS_SEARCH_USER_PATHS = NO;
				ARCHS = "$(ARCHS_STANDARD_32_BIT)";
				"CODE_SIGN_IDENTITY[sdk=iphoneos*]" = "iPhone Developer";
				COPY_PHASE_STRIP = YES;
				GCC_C_LANGUAGE_STANDARD = gnu99;
				GCC_VERSION = com.apple.compilers.llvm.clang.1_0;
				GCC_WARN_ABOUT_RETURN_TYPE = YES;
				GCC_WARN_UNINITIALIZED_AUTOS = YES;
				GCC_WARN_UNUSED_VARIABLE = YES;
				IPHONEOS_DEPLOYMENT_TARGET = 5.0;
				OTHER_CFLAGS = "-DNS_BLOCK_ASSERTIONS=1";
				SDKROOT = iphoneos;
				TARGETED_DEVICE_FAMILY = "1,2";
				VALIDATE_PRODUCT = YES;
			};
			name = Release;
		};
		AA008DE1151CC69B001FD906 /* Debug */ = {
			isa = XCBuildConfiguration;
			buildSettings = {
				ARCHS = "$(ARCHS_STANDARD_32_BIT)";
				"CODE_SIGN_IDENTITY[sdk=iphoneos*]" = "iPhone Developer: Maxim Kiryushin (7W36E47YJD)";
				GCC_PRECOMPILE_PREFIX_HEADER = YES;
				GCC_PREFIX_HEADER = "MobileBroadband/MobileBroadband-Prefix.pch";
				INFOPLIST_FILE = "MobileBroadband/MobileBroadband-Info.plist";
				PRODUCT_NAME = "$(TARGET_NAME)";
				"PROVISIONING_PROFILE[sdk=iphoneos*]" = "";
				WRAPPER_EXTENSION = app;
			};
			name = Debug;
		};
		AA008DE2151CC69B001FD906 /* Release */ = {
			isa = XCBuildConfiguration;
			buildSettings = {
				ARCHS = "$(ARCHS_STANDARD_32_BIT)";
				"CODE_SIGN_IDENTITY[sdk=iphoneos*]" = "iPhone Developer: Maxim Kiryushin (7W36E47YJD)";
				GCC_PRECOMPILE_PREFIX_HEADER = YES;
				GCC_PREFIX_HEADER = "MobileBroadband/MobileBroadband-Prefix.pch";
				INFOPLIST_FILE = "MobileBroadband/MobileBroadband-Info.plist";
				PRODUCT_NAME = "$(TARGET_NAME)";
				"PROVISIONING_PROFILE[sdk=iphoneos*]" = "";
				WRAPPER_EXTENSION = app;
			};
			name = Release;
		};
		AA008DE4151CC69B001FD906 /* Debug */ = {
			isa = XCBuildConfiguration;
			buildSettings = {
				ARCHS = "$(ARCHS_STANDARD_32_BIT)";
				BUNDLE_LOADER = "$(BUILT_PRODUCTS_DIR)/MobileBroadband.app/MobileBroadband";
				FRAMEWORK_SEARCH_PATHS = (
					"$(SDKROOT)/Developer/Library/Frameworks",
					"$(DEVELOPER_LIBRARY_DIR)/Frameworks",
				);
				GCC_PRECOMPILE_PREFIX_HEADER = YES;
				GCC_PREFIX_HEADER = "MobileBroadband/MobileBroadband-Prefix.pch";
				INFOPLIST_FILE = "MobileBroadbandTests/MobileBroadbandTests-Info.plist";
				PRODUCT_NAME = "$(TARGET_NAME)";
				TEST_HOST = "$(BUNDLE_LOADER)";
				WRAPPER_EXTENSION = octest;
			};
			name = Debug;
		};
		AA008DE5151CC69B001FD906 /* Release */ = {
			isa = XCBuildConfiguration;
			buildSettings = {
				ARCHS = "$(ARCHS_STANDARD_32_BIT)";
				BUNDLE_LOADER = "$(BUILT_PRODUCTS_DIR)/MobileBroadband.app/MobileBroadband";
				FRAMEWORK_SEARCH_PATHS = (
					"$(SDKROOT)/Developer/Library/Frameworks",
					"$(DEVELOPER_LIBRARY_DIR)/Frameworks",
				);
				GCC_PRECOMPILE_PREFIX_HEADER = YES;
				GCC_PREFIX_HEADER = "MobileBroadband/MobileBroadband-Prefix.pch";
				INFOPLIST_FILE = "MobileBroadbandTests/MobileBroadbandTests-Info.plist";
				PRODUCT_NAME = "$(TARGET_NAME)";
				TEST_HOST = "$(BUNDLE_LOADER)";
				WRAPPER_EXTENSION = octest;
			};
			name = Release;
		};
/* End XCBuildConfiguration section */

/* Begin XCConfigurationList section */
		AA008D9B151CC69A001FD906 /* Build configuration list for PBXProject "MobileBroadband" */ = {
			isa = XCConfigurationList;
			buildConfigurations = (
				AA008DDE151CC69B001FD906 /* Debug */,
				AA008DDF151CC69B001FD906 /* Release */,
			);
			defaultConfigurationIsVisible = 0;
			defaultConfigurationName = Release;
		};
		AA008DE0151CC69B001FD906 /* Build configuration list for PBXNativeTarget "MobileBroadband" */ = {
			isa = XCConfigurationList;
			buildConfigurations = (
				AA008DE1151CC69B001FD906 /* Debug */,
				AA008DE2151CC69B001FD906 /* Release */,
			);
			defaultConfigurationIsVisible = 0;
			defaultConfigurationName = Release;
		};
		AA008DE3151CC69B001FD906 /* Build configuration list for PBXNativeTarget "MobileBroadbandTests" */ = {
			isa = XCConfigurationList;
			buildConfigurations = (
				AA008DE4151CC69B001FD906 /* Debug */,
				AA008DE5151CC69B001FD906 /* Release */,
			);
			defaultConfigurationIsVisible = 0;
			defaultConfigurationName = Release;
		};
/* End XCConfigurationList section */
	};
	rootObject = AA008D98151CC69A001FD906 /* Project object */;
}
